// !$*UTF8*$!
{
	archiveVersion = 1;
	classes = {
	};
	objectVersion = 46;
	objects = {

/* Begin PBXBuildFile section */
		041133C11DAF3658002E2AA2 /* NSDate-Extension.swift in Sources */ = {isa = PBXBuildFile; fileRef = 041133C01DAF3658002E2AA2 /* NSDate-Extension.swift */; };
		041133C41DAF36AA002E2AA2 /* RecommendViewModel.swift in Sources */ = {isa = PBXBuildFile; fileRef = 041133C31DAF36AA002E2AA2 /* RecommendViewModel.swift */; };
		041133C71DAF37FC002E2AA2 /* BaseVieModel.swift in Sources */ = {isa = PBXBuildFile; fileRef = 041133C61DAF37FC002E2AA2 /* BaseVieModel.swift */; };
		041133D01DAF3894002E2AA2 /* BaseGroupModel.swift in Sources */ = {isa = PBXBuildFile; fileRef = 041133CF1DAF3894002E2AA2 /* BaseGroupModel.swift */; };
		041133D31DAF38B2002E2AA2 /* AnchorGroupItem.swift in Sources */ = {isa = PBXBuildFile; fileRef = 041133D11DAF38B2002E2AA2 /* AnchorGroupItem.swift */; };
		041133D41DAF38B2002E2AA2 /* AnchorItem.swift in Sources */ = {isa = PBXBuildFile; fileRef = 041133D21DAF38B2002E2AA2 /* AnchorItem.swift */; };
		041133E61DAF3AD9002E2AA2 /* RecommendBaseCell.swift in Sources */ = {isa = PBXBuildFile; fileRef = 041133E51DAF3AD9002E2AA2 /* RecommendBaseCell.swift */; };
		041133E91DAF65AE002E2AA2 /* RecommendCycleView.swift in Sources */ = {isa = PBXBuildFile; fileRef = 041133E81DAF65AE002E2AA2 /* RecommendCycleView.swift */; };
		041133EB1DAF65B8002E2AA2 /* RecommendCycleView.xib in Resources */ = {isa = PBXBuildFile; fileRef = 041133EA1DAF65B8002E2AA2 /* RecommendCycleView.xib */; };
		041133EE1DAF6D10002E2AA2 /* RecommendCycleCell.swift in Sources */ = {isa = PBXBuildFile; fileRef = 041133EC1DAF6D10002E2AA2 /* RecommendCycleCell.swift */; };
		041133EF1DAF6D10002E2AA2 /* RecommendCycleCell.xib in Resources */ = {isa = PBXBuildFile; fileRef = 041133ED1DAF6D10002E2AA2 /* RecommendCycleCell.xib */; };
		041133F11DAF7EF6002E2AA2 /* RecommendCycleModel.swift in Sources */ = {isa = PBXBuildFile; fileRef = 041133F01DAF7EF6002E2AA2 /* RecommendCycleModel.swift */; };
		041133F41DB07CBC002E2AA2 /* RecommendGameView.swift in Sources */ = {isa = PBXBuildFile; fileRef = 041133F31DB07CBC002E2AA2 /* RecommendGameView.swift */; };
		041133F61DB085EF002E2AA2 /* RecommendGameView.xib in Resources */ = {isa = PBXBuildFile; fileRef = 041133F51DB085EF002E2AA2 /* RecommendGameView.xib */; };
		041133F91DB08B25002E2AA2 /* RecommendGameCell.swift in Sources */ = {isa = PBXBuildFile; fileRef = 041133F71DB08B25002E2AA2 /* RecommendGameCell.swift */; };
		041133FA1DB08B25002E2AA2 /* RecommendGameCell.xib in Resources */ = {isa = PBXBuildFile; fileRef = 041133F81DB08B25002E2AA2 /* RecommendGameCell.xib */; };
		048E55C01DAE1D2100FEBAE5 /* Common.swift in Sources */ = {isa = PBXBuildFile; fileRef = 048E55981DAE1D2100FEBAE5 /* Common.swift */; };
		048E55C11DAE1D2100FEBAE5 /* Follow.storyboard in Resources */ = {isa = PBXBuildFile; fileRef = 048E559B1DAE1D2100FEBAE5 /* Follow.storyboard */; };
		048E55C21DAE1D2100FEBAE5 /* Home.storyboard in Resources */ = {isa = PBXBuildFile; fileRef = 048E55A01DAE1D2100FEBAE5 /* Home.storyboard */; };
		048E55C31DAE1D2100FEBAE5 /* HomeViewController.swift in Sources */ = {isa = PBXBuildFile; fileRef = 048E55A11DAE1D2100FEBAE5 /* HomeViewController.swift */; };
		048E55C41DAE1D2100FEBAE5 /* RecommendViewController.swift in Sources */ = {isa = PBXBuildFile; fileRef = 048E55A21DAE1D2100FEBAE5 /* RecommendViewController.swift */; };
		048E55C51DAE1D2100FEBAE5 /* CollectionSHeaderView.swift in Sources */ = {isa = PBXBuildFile; fileRef = 048E55A51DAE1D2100FEBAE5 /* CollectionSHeaderView.swift */; };
		048E55C71DAE1D2100FEBAE5 /* Live.storyboard in Resources */ = {isa = PBXBuildFile; fileRef = 048E55A91DAE1D2100FEBAE5 /* Live.storyboard */; };
		048E55C81DAE1D2100FEBAE5 /* MainViewController.swift in Sources */ = {isa = PBXBuildFile; fileRef = 048E55AE1DAE1D2100FEBAE5 /* MainViewController.swift */; };
		048E55C91DAE1D2100FEBAE5 /* PageContentView.swift in Sources */ = {isa = PBXBuildFile; fileRef = 048E55B11DAE1D2100FEBAE5 /* PageContentView.swift */; };
		048E55CA1DAE1D2100FEBAE5 /* PageTitleView.swift in Sources */ = {isa = PBXBuildFile; fileRef = 048E55B21DAE1D2100FEBAE5 /* PageTitleView.swift */; };
		048E55CB1DAE1D2100FEBAE5 /* RecommendPrettyCell.swift in Sources */ = {isa = PBXBuildFile; fileRef = 048E55B31DAE1D2100FEBAE5 /* RecommendPrettyCell.swift */; };
		048E55CD1DAE1D2100FEBAE5 /* RecommentNomalCell.swift in Sources */ = {isa = PBXBuildFile; fileRef = 048E55B51DAE1D2100FEBAE5 /* RecommentNomalCell.swift */; };
		048E55CF1DAE1D2100FEBAE5 /* Profile.storyboard in Resources */ = {isa = PBXBuildFile; fileRef = 048E55B91DAE1D2100FEBAE5 /* Profile.storyboard */; };
		048E55D01DAE1D2100FEBAE5 /* NetworoTools.swift in Sources */ = {isa = PBXBuildFile; fileRef = 048E55BD1DAE1D2100FEBAE5 /* NetworoTools.swift */; };
		048E55D11DAE1D2100FEBAE5 /* UIBarButtonItem-extension.swift in Sources */ = {isa = PBXBuildFile; fileRef = 048E55BE1DAE1D2100FEBAE5 /* UIBarButtonItem-extension.swift */; };
		048E55D21DAE1D2100FEBAE5 /* UIColor-Extension.swift in Sources */ = {isa = PBXBuildFile; fileRef = 048E55BF1DAE1D2100FEBAE5 /* UIColor-Extension.swift */; };
		048E55D81DAE278200FEBAE5 /* RecommendPrettyCell.xib in Resources */ = {isa = PBXBuildFile; fileRef = 048E55D71DAE278200FEBAE5 /* RecommendPrettyCell.xib */; };
		048E55DA1DAE27A200FEBAE5 /* RecommentNomalCell.xib in Resources */ = {isa = PBXBuildFile; fileRef = 048E55D91DAE27A200FEBAE5 /* RecommentNomalCell.xib */; };
		048E55DC1DAE27F100FEBAE5 /* CollectionSHeaderView.xib in Resources */ = {isa = PBXBuildFile; fileRef = 048E55DB1DAE27F100FEBAE5 /* CollectionSHeaderView.xib */; };
		04E9E7331DAE301700A4FC63 /* Main.storyboard in Resources */ = {isa = PBXBuildFile; fileRef = 04E9E7321DAE301700A4FC63 /* Main.storyboard */; };
		04EFD1291D938E4B0074A1D4 /* AppDelegate.swift in Sources */ = {isa = PBXBuildFile; fileRef = 04EFD1281D938E4B0074A1D4 /* AppDelegate.swift */; };
		04EFD1301D938E4B0074A1D4 /* Assets.xcassets in Resources */ = {isa = PBXBuildFile; fileRef = 04EFD12F1D938E4B0074A1D4 /* Assets.xcassets */; };
		258BCFD9361A32C25BBC94AD /* Pods_DouYuTV.framework in Frameworks */ = {isa = PBXBuildFile; fileRef = 29349BD690EC43DA859A2C21 /* Pods_DouYuTV.framework */; };
/* End PBXBuildFile section */

/* Begin PBXFileReference section */
		041133C01DAF3658002E2AA2 /* NSDate-Extension.swift */ = {isa = PBXFileReference; fileEncoding = 4; lastKnownFileType = sourcecode.swift; path = "NSDate-Extension.swift"; sourceTree = "<group>"; };
		041133C31DAF36AA002E2AA2 /* RecommendViewModel.swift */ = {isa = PBXFileReference; fileEncoding = 4; lastKnownFileType = sourcecode.swift; path = RecommendViewModel.swift; sourceTree = "<group>"; };
		041133C61DAF37FC002E2AA2 /* BaseVieModel.swift */ = {isa = PBXFileReference; fileEncoding = 4; lastKnownFileType = sourcecode.swift; path = BaseVieModel.swift; sourceTree = "<group>"; };
		041133CF1DAF3894002E2AA2 /* BaseGroupModel.swift */ = {isa = PBXFileReference; fileEncoding = 4; lastKnownFileType = sourcecode.swift; path = BaseGroupModel.swift; sourceTree = "<group>"; };
		041133D11DAF38B2002E2AA2 /* AnchorGroupItem.swift */ = {isa = PBXFileReference; fileEncoding = 4; lastKnownFileType = sourcecode.swift; path = AnchorGroupItem.swift; sourceTree = "<group>"; };
		041133D21DAF38B2002E2AA2 /* AnchorItem.swift */ = {isa = PBXFileReference; fileEncoding = 4; lastKnownFileType = sourcecode.swift; path = AnchorItem.swift; sourceTree = "<group>"; };
		041133E51DAF3AD9002E2AA2 /* RecommendBaseCell.swift */ = {isa = PBXFileReference; fileEncoding = 4; lastKnownFileType = sourcecode.swift; path = RecommendBaseCell.swift; sourceTree = "<group>"; };
		041133E81DAF65AE002E2AA2 /* RecommendCycleView.swift */ = {isa = PBXFileReference; fileEncoding = 4; lastKnownFileType = sourcecode.swift; path = RecommendCycleView.swift; sourceTree = "<group>"; };
		041133EA1DAF65B8002E2AA2 /* RecommendCycleView.xib */ = {isa = PBXFileReference; fileEncoding = 4; lastKnownFileType = file.xib; path = RecommendCycleView.xib; sourceTree = "<group>"; };
		041133EC1DAF6D10002E2AA2 /* RecommendCycleCell.swift */ = {isa = PBXFileReference; fileEncoding = 4; lastKnownFileType = sourcecode.swift; path = RecommendCycleCell.swift; sourceTree = "<group>"; };
		041133ED1DAF6D10002E2AA2 /* RecommendCycleCell.xib */ = {isa = PBXFileReference; fileEncoding = 4; lastKnownFileType = file.xib; path = RecommendCycleCell.xib; sourceTree = "<group>"; };
		041133F01DAF7EF6002E2AA2 /* RecommendCycleModel.swift */ = {isa = PBXFileReference; fileEncoding = 4; lastKnownFileType = sourcecode.swift; path = RecommendCycleModel.swift; sourceTree = "<group>"; };
		041133F31DB07CBC002E2AA2 /* RecommendGameView.swift */ = {isa = PBXFileReference; fileEncoding = 4; lastKnownFileType = sourcecode.swift; path = RecommendGameView.swift; sourceTree = "<group>"; };
		041133F51DB085EF002E2AA2 /* RecommendGameView.xib */ = {isa = PBXFileReference; fileEncoding = 4; lastKnownFileType = file.xib; path = RecommendGameView.xib; sourceTree = "<group>"; };
		041133F71DB08B25002E2AA2 /* RecommendGameCell.swift */ = {isa = PBXFileReference; fileEncoding = 4; lastKnownFileType = sourcecode.swift; path = RecommendGameCell.swift; sourceTree = "<group>"; };
		041133F81DB08B25002E2AA2 /* RecommendGameCell.xib */ = {isa = PBXFileReference; fileEncoding = 4; lastKnownFileType = file.xib; path = RecommendGameCell.xib; sourceTree = "<group>"; };
		048E55981DAE1D2100FEBAE5 /* Common.swift */ = {isa = PBXFileReference; fileEncoding = 4; lastKnownFileType = sourcecode.swift; name = Common.swift; path = ../Common.swift; sourceTree = "<group>"; };
		048E559B1DAE1D2100FEBAE5 /* Follow.storyboard */ = {isa = PBXFileReference; fileEncoding = 4; lastKnownFileType = file.storyboard; path = Follow.storyboard; sourceTree = "<group>"; };
		048E55A01DAE1D2100FEBAE5 /* Home.storyboard */ = {isa = PBXFileReference; fileEncoding = 4; lastKnownFileType = file.storyboard; path = Home.storyboard; sourceTree = "<group>"; };
		048E55A11DAE1D2100FEBAE5 /* HomeViewController.swift */ = {isa = PBXFileReference; fileEncoding = 4; lastKnownFileType = sourcecode.swift; path = HomeViewController.swift; sourceTree = "<group>"; };
		048E55A21DAE1D2100FEBAE5 /* RecommendViewController.swift */ = {isa = PBXFileReference; fileEncoding = 4; lastKnownFileType = sourcecode.swift; path = RecommendViewController.swift; sourceTree = "<group>"; };
		048E55A51DAE1D2100FEBAE5 /* CollectionSHeaderView.swift */ = {isa = PBXFileReference; fileEncoding = 4; lastKnownFileType = sourcecode.swift; path = CollectionSHeaderView.swift; sourceTree = "<group>"; };
		048E55A91DAE1D2100FEBAE5 /* Live.storyboard */ = {isa = PBXFileReference; fileEncoding = 4; lastKnownFileType = file.storyboard; path = Live.storyboard; sourceTree = "<group>"; };
		048E55AE1DAE1D2100FEBAE5 /* MainViewController.swift */ = {isa = PBXFileReference; fileEncoding = 4; lastKnownFileType = sourcecode.swift; path = MainViewController.swift; sourceTree = "<group>"; };
		048E55B11DAE1D2100FEBAE5 /* PageContentView.swift */ = {isa = PBXFileReference; fileEncoding = 4; lastKnownFileType = sourcecode.swift; path = PageContentView.swift; sourceTree = "<group>"; };
		048E55B21DAE1D2100FEBAE5 /* PageTitleView.swift */ = {isa = PBXFileReference; fileEncoding = 4; lastKnownFileType = sourcecode.swift; path = PageTitleView.swift; sourceTree = "<group>"; };
		048E55B31DAE1D2100FEBAE5 /* RecommendPrettyCell.swift */ = {isa = PBXFileReference; fileEncoding = 4; lastKnownFileType = sourcecode.swift; path = RecommendPrettyCell.swift; sourceTree = "<group>"; };
		048E55B51DAE1D2100FEBAE5 /* RecommentNomalCell.swift */ = {isa = PBXFileReference; fileEncoding = 4; lastKnownFileType = sourcecode.swift; path = RecommentNomalCell.swift; sourceTree = "<group>"; };
		048E55B91DAE1D2100FEBAE5 /* Profile.storyboard */ = {isa = PBXFileReference; fileEncoding = 4; lastKnownFileType = file.storyboard; path = Profile.storyboard; sourceTree = "<group>"; };
		048E55BD1DAE1D2100FEBAE5 /* NetworoTools.swift */ = {isa = PBXFileReference; fileEncoding = 4; lastKnownFileType = sourcecode.swift; path = NetworoTools.swift; sourceTree = "<group>"; };
		048E55BE1DAE1D2100FEBAE5 /* UIBarButtonItem-extension.swift */ = {isa = PBXFileReference; fileEncoding = 4; lastKnownFileType = sourcecode.swift; path = "UIBarButtonItem-extension.swift"; sourceTree = "<group>"; };
		048E55BF1DAE1D2100FEBAE5 /* UIColor-Extension.swift */ = {isa = PBXFileReference; fileEncoding = 4; lastKnownFileType = sourcecode.swift; path = "UIColor-Extension.swift"; sourceTree = "<group>"; };
		048E55D71DAE278200FEBAE5 /* RecommendPrettyCell.xib */ = {isa = PBXFileReference; fileEncoding = 4; lastKnownFileType = file.xib; path = RecommendPrettyCell.xib; sourceTree = "<group>"; };
		048E55D91DAE27A200FEBAE5 /* RecommentNomalCell.xib */ = {isa = PBXFileReference; fileEncoding = 4; lastKnownFileType = file.xib; path = RecommentNomalCell.xib; sourceTree = "<group>"; };
		048E55DB1DAE27F100FEBAE5 /* CollectionSHeaderView.xib */ = {isa = PBXFileReference; fileEncoding = 4; lastKnownFileType = file.xib; path = CollectionSHeaderView.xib; sourceTree = "<group>"; };
		04E9E7321DAE301700A4FC63 /* Main.storyboard */ = {isa = PBXFileReference; fileEncoding = 4; lastKnownFileType = file.storyboard; path = Main.storyboard; sourceTree = "<group>"; };
		04EFD1251D938E4B0074A1D4 /* DouYuTV.app */ = {isa = PBXFileReference; explicitFileType = wrapper.application; includeInIndex = 0; path = DouYuTV.app; sourceTree = BUILT_PRODUCTS_DIR; };
		04EFD1281D938E4B0074A1D4 /* AppDelegate.swift */ = {isa = PBXFileReference; lastKnownFileType = sourcecode.swift; path = AppDelegate.swift; sourceTree = "<group>"; };
		04EFD12F1D938E4B0074A1D4 /* Assets.xcassets */ = {isa = PBXFileReference; lastKnownFileType = folder.assetcatalog; path = Assets.xcassets; sourceTree = "<group>"; };
		04EFD1341D938E4B0074A1D4 /* Info.plist */ = {isa = PBXFileReference; lastKnownFileType = text.plist.xml; path = Info.plist; sourceTree = "<group>"; };
		29349BD690EC43DA859A2C21 /* Pods_DouYuTV.framework */ = {isa = PBXFileReference; explicitFileType = wrapper.framework; includeInIndex = 0; path = Pods_DouYuTV.framework; sourceTree = BUILT_PRODUCTS_DIR; };
		606711DB64C0D2684F92ADEE /* Pods-DouYuTV.debug.xcconfig */ = {isa = PBXFileReference; includeInIndex = 1; lastKnownFileType = text.xcconfig; name = "Pods-DouYuTV.debug.xcconfig"; path = "Pods/Target Support Files/Pods-DouYuTV/Pods-DouYuTV.debug.xcconfig"; sourceTree = "<group>"; };
		86F2D19BDC48D0C74D23121B /* Pods-DouYuTV.release.xcconfig */ = {isa = PBXFileReference; includeInIndex = 1; lastKnownFileType = text.xcconfig; name = "Pods-DouYuTV.release.xcconfig"; path = "Pods/Target Support Files/Pods-DouYuTV/Pods-DouYuTV.release.xcconfig"; sourceTree = "<group>"; };
/* End PBXFileReference section */

/* Begin PBXFrameworksBuildPhase section */
		04EFD1221D938E4B0074A1D4 /* Frameworks */ = {
			isa = PBXFrameworksBuildPhase;
			buildActionMask = 2147483647;
			files = (
				258BCFD9361A32C25BBC94AD /* Pods_DouYuTV.framework in Frameworks */,
			);
			runOnlyForDeploymentPostprocessing = 0;
		};
/* End PBXFrameworksBuildPhase section */

/* Begin PBXGroup section */
		041133C21DAF36AA002E2AA2 /* ViewModel */ = {
			isa = PBXGroup;
			children = (
				041133C31DAF36AA002E2AA2 /* RecommendViewModel.swift */,
			);
			path = ViewModel;
			sourceTree = "<group>";
		};
		041133C51DAF37FC002E2AA2 /* ViewModel */ = {
			isa = PBXGroup;
			children = (
				041133C61DAF37FC002E2AA2 /* BaseVieModel.swift */,
			);
			path = ViewModel;
			sourceTree = "<group>";
		};
		041133CE1DAF3894002E2AA2 /* Model */ = {
			isa = PBXGroup;
			children = (
				041133CF1DAF3894002E2AA2 /* BaseGroupModel.swift */,
				041133D11DAF38B2002E2AA2 /* AnchorGroupItem.swift */,
				041133D21DAF38B2002E2AA2 /* AnchorItem.swift */,
			);
			path = Model;
			sourceTree = "<group>";
		};
		041133E71DAF6589002E2AA2 /* Model */ = {
			isa = PBXGroup;
			children = (
				041133F01DAF7EF6002E2AA2 /* RecommendCycleModel.swift */,
			);
			path = Model;
			sourceTree = "<group>";
		};
		048E55971DAE1D2100FEBAE5 /* Classes */ = {
			isa = PBXGroup;
			children = (
				048E55AC1DAE1D2100FEBAE5 /* Main */,
				048E559E1DAE1D2100FEBAE5 /* Home */,
				048E55991DAE1D2100FEBAE5 /* Follow */,
				048E55A71DAE1D2100FEBAE5 /* Live */,
				048E55B71DAE1D2100FEBAE5 /* Profile */,
				048E55BC1DAE1D2100FEBAE5 /* Tools */,
			);
			path = Classes;
			sourceTree = "<group>";
		};
		048E55991DAE1D2100FEBAE5 /* Follow */ = {
			isa = PBXGroup;
			children = (
				048E559A1DAE1D2100FEBAE5 /* Controller */,
				048E559C1DAE1D2100FEBAE5 /* Model */,
				048E559D1DAE1D2100FEBAE5 /* View */,
			);
			path = Follow;
			sourceTree = "<group>";
		};
		048E559A1DAE1D2100FEBAE5 /* Controller */ = {
			isa = PBXGroup;
			children = (
				048E559B1DAE1D2100FEBAE5 /* Follow.storyboard */,
			);
			path = Controller;
			sourceTree = "<group>";
		};
		048E559C1DAE1D2100FEBAE5 /* Model */ = {
			isa = PBXGroup;
			children = (
			);
			path = Model;
			sourceTree = "<group>";
		};
		048E559D1DAE1D2100FEBAE5 /* View */ = {
			isa = PBXGroup;
			children = (
			);
			path = View;
			sourceTree = "<group>";
		};
		048E559E1DAE1D2100FEBAE5 /* Home */ = {
			isa = PBXGroup;
			children = (
				041133E71DAF6589002E2AA2 /* Model */,
				041133C21DAF36AA002E2AA2 /* ViewModel */,
				048E559F1DAE1D2100FEBAE5 /* Controller */,
				048E55A41DAE1D2100FEBAE5 /* View */,
			);
			path = Home;
			sourceTree = "<group>";
		};
		048E559F1DAE1D2100FEBAE5 /* Controller */ = {
			isa = PBXGroup;
			children = (
				048E55A01DAE1D2100FEBAE5 /* Home.storyboard */,
				048E55A11DAE1D2100FEBAE5 /* HomeViewController.swift */,
				048E55A21DAE1D2100FEBAE5 /* RecommendViewController.swift */,
			);
			path = Controller;
			sourceTree = "<group>";
		};
		048E55A41DAE1D2100FEBAE5 /* View */ = {
			isa = PBXGroup;
			children = (
				048E55A51DAE1D2100FEBAE5 /* CollectionSHeaderView.swift */,
				048E55DB1DAE27F100FEBAE5 /* CollectionSHeaderView.xib */,
				041133E81DAF65AE002E2AA2 /* RecommendCycleView.swift */,
				041133EA1DAF65B8002E2AA2 /* RecommendCycleView.xib */,
				041133EC1DAF6D10002E2AA2 /* RecommendCycleCell.swift */,
				041133ED1DAF6D10002E2AA2 /* RecommendCycleCell.xib */,
				041133F31DB07CBC002E2AA2 /* RecommendGameView.swift */,
				041133F51DB085EF002E2AA2 /* RecommendGameView.xib */,
				041133F71DB08B25002E2AA2 /* RecommendGameCell.swift */,
				041133F81DB08B25002E2AA2 /* RecommendGameCell.xib */,
			);
			path = View;
			sourceTree = "<group>";
		};
		048E55A71DAE1D2100FEBAE5 /* Live */ = {
			isa = PBXGroup;
			children = (
				048E55A81DAE1D2100FEBAE5 /* Controller */,
				048E55AA1DAE1D2100FEBAE5 /* Model */,
				048E55AB1DAE1D2100FEBAE5 /* View */,
			);
			path = Live;
			sourceTree = "<group>";
		};
		048E55A81DAE1D2100FEBAE5 /* Controller */ = {
			isa = PBXGroup;
			children = (
				048E55A91DAE1D2100FEBAE5 /* Live.storyboard */,
			);
			path = Controller;
			sourceTree = "<group>";
		};
		048E55AA1DAE1D2100FEBAE5 /* Model */ = {
			isa = PBXGroup;
			children = (
			);
			path = Model;
			sourceTree = "<group>";
		};
		048E55AB1DAE1D2100FEBAE5 /* View */ = {
			isa = PBXGroup;
			children = (
			);
			path = View;
			sourceTree = "<group>";
		};
		048E55AC1DAE1D2100FEBAE5 /* Main */ = {
			isa = PBXGroup;
			children = (
				041133CE1DAF3894002E2AA2 /* Model */,
				041133C51DAF37FC002E2AA2 /* ViewModel */,
				048E55AD1DAE1D2100FEBAE5 /* Controller */,
				048E55B01DAE1D2100FEBAE5 /* View */,
			);
			path = Main;
			sourceTree = "<group>";
		};
		048E55AD1DAE1D2100FEBAE5 /* Controller */ = {
			isa = PBXGroup;
			children = (
				048E55AE1DAE1D2100FEBAE5 /* MainViewController.swift */,
			);
			path = Controller;
			sourceTree = "<group>";
		};
		048E55B01DAE1D2100FEBAE5 /* View */ = {
			isa = PBXGroup;
			children = (
				048E55B11DAE1D2100FEBAE5 /* PageContentView.swift */,
				048E55B21DAE1D2100FEBAE5 /* PageTitleView.swift */,
				048E55B31DAE1D2100FEBAE5 /* RecommendPrettyCell.swift */,
				048E55D71DAE278200FEBAE5 /* RecommendPrettyCell.xib */,
				048E55B51DAE1D2100FEBAE5 /* RecommentNomalCell.swift */,
				048E55D91DAE27A200FEBAE5 /* RecommentNomalCell.xib */,
				041133E51DAF3AD9002E2AA2 /* RecommendBaseCell.swift */,
			);
			path = View;
			sourceTree = "<group>";
		};
		048E55B71DAE1D2100FEBAE5 /* Profile */ = {
			isa = PBXGroup;
			children = (
				048E55B81DAE1D2100FEBAE5 /* Controller */,
				048E55BA1DAE1D2100FEBAE5 /* Model */,
				048E55BB1DAE1D2100FEBAE5 /* View */,
			);
			path = Profile;
			sourceTree = "<group>";
		};
		048E55B81DAE1D2100FEBAE5 /* Controller */ = {
			isa = PBXGroup;
			children = (
				048E55B91DAE1D2100FEBAE5 /* Profile.storyboard */,
			);
			path = Controller;
			sourceTree = "<group>";
		};
		048E55BA1DAE1D2100FEBAE5 /* Model */ = {
			isa = PBXGroup;
			children = (
			);
			path = Model;
			sourceTree = "<group>";
		};
		048E55BB1DAE1D2100FEBAE5 /* View */ = {
			isa = PBXGroup;
			children = (
			);
			path = View;
			sourceTree = "<group>";
		};
		048E55BC1DAE1D2100FEBAE5 /* Tools */ = {
			isa = PBXGroup;
			children = (
				041133C01DAF3658002E2AA2 /* NSDate-Extension.swift */,
				048E55981DAE1D2100FEBAE5 /* Common.swift */,
				048E55BD1DAE1D2100FEBAE5 /* NetworoTools.swift */,
				048E55BE1DAE1D2100FEBAE5 /* UIBarButtonItem-extension.swift */,
				048E55BF1DAE1D2100FEBAE5 /* UIColor-Extension.swift */,
			);
			path = Tools;
			sourceTree = "<group>";
		};
		04EFD11C1D938E4B0074A1D4 = {
			isa = PBXGroup;
			children = (
				04EFD1271D938E4B0074A1D4 /* DouYuTV */,
				04EFD1261D938E4B0074A1D4 /* Products */,
				9F1BFBA5FCEC2CFD689D04E3 /* Pods */,
				FC180D9528501117BCB31056 /* Frameworks */,
			);
			sourceTree = "<group>";
		};
		04EFD1261D938E4B0074A1D4 /* Products */ = {
			isa = PBXGroup;
			children = (
				04EFD1251D938E4B0074A1D4 /* DouYuTV.app */,
			);
			name = Products;
			sourceTree = "<group>";
		};
		04EFD1271D938E4B0074A1D4 /* DouYuTV */ = {
			isa = PBXGroup;
			children = (
				048E55971DAE1D2100FEBAE5 /* Classes */,
				04EFD1281D938E4B0074A1D4 /* AppDelegate.swift */,
				04E9E7321DAE301700A4FC63 /* Main.storyboard */,
				04EFD12F1D938E4B0074A1D4 /* Assets.xcassets */,
				04EFD1341D938E4B0074A1D4 /* Info.plist */,
			);
			path = DouYuTV;
			sourceTree = "<group>";
		};
		9F1BFBA5FCEC2CFD689D04E3 /* Pods */ = {
			isa = PBXGroup;
			children = (
				606711DB64C0D2684F92ADEE /* Pods-DouYuTV.debug.xcconfig */,
				86F2D19BDC48D0C74D23121B /* Pods-DouYuTV.release.xcconfig */,
			);
			name = Pods;
			sourceTree = "<group>";
		};
		FC180D9528501117BCB31056 /* Frameworks */ = {
			isa = PBXGroup;
			children = (
				29349BD690EC43DA859A2C21 /* Pods_DouYuTV.framework */,
			);
			name = Frameworks;
			sourceTree = "<group>";
		};
/* End PBXGroup section */

/* Begin PBXNativeTarget section */
		04EFD1241D938E4B0074A1D4 /* DouYuTV */ = {
			isa = PBXNativeTarget;
			buildConfigurationList = 04EFD1371D938E4B0074A1D4 /* Build configuration list for PBXNativeTarget "DouYuTV" */;
			buildPhases = (
				E2476048B3E51A76072B4A13 /* 📦 Check Pods Manifest.lock */,
				04EFD1211D938E4B0074A1D4 /* Sources */,
				04EFD1221D938E4B0074A1D4 /* Frameworks */,
				04EFD1231D938E4B0074A1D4 /* Resources */,
				F209B5B2D9DFE975F66419BF /* 📦 Embed Pods Frameworks */,
				ECD520F359FF539C806CB897 /* 📦 Copy Pods Resources */,
			);
			buildRules = (
			);
			dependencies = (
			);
			name = DouYuTV;
			productName = DouYuTV;
			productReference = 04EFD1251D938E4B0074A1D4 /* DouYuTV.app */;
			productType = "com.apple.product-type.application";
		};
/* End PBXNativeTarget section */

/* Begin PBXProject section */
		04EFD11D1D938E4B0074A1D4 /* Project object */ = {
			isa = PBXProject;
			attributes = {
				LastSwiftUpdateCheck = 0730;
				LastUpgradeCheck = 0730;
				ORGANIZATIONNAME = mac;
				TargetAttributes = {
					04EFD1241D938E4B0074A1D4 = {
						CreatedOnToolsVersion = 7.3;
						DevelopmentTeam = XACPCNK4G7;
						LastSwiftMigration = 0800;
					};
				};
			};
			buildConfigurationList = 04EFD1201D938E4B0074A1D4 /* Build configuration list for PBXProject "DouYuTV" */;
			compatibilityVersion = "Xcode 3.2";
			developmentRegion = English;
			hasScannedForEncodings = 0;
			knownRegions = (
				en,
				Base,
			);
			mainGroup = 04EFD11C1D938E4B0074A1D4;
			productRefGroup = 04EFD1261D938E4B0074A1D4 /* Products */;
			projectDirPath = "";
			projectRoot = "";
			targets = (
				04EFD1241D938E4B0074A1D4 /* DouYuTV */,
			);
		};
/* End PBXProject section */

/* Begin PBXResourcesBuildPhase section */
		04EFD1231D938E4B0074A1D4 /* Resources */ = {
			isa = PBXResourcesBuildPhase;
			buildActionMask = 2147483647;
			files = (
				041133EB1DAF65B8002E2AA2 /* RecommendCycleView.xib in Resources */,
				04EFD1301D938E4B0074A1D4 /* Assets.xcassets in Resources */,
				048E55DC1DAE27F100FEBAE5 /* CollectionSHeaderView.xib in Resources */,
				048E55D81DAE278200FEBAE5 /* RecommendPrettyCell.xib in Resources */,
				048E55C71DAE1D2100FEBAE5 /* Live.storyboard in Resources */,
				041133F61DB085EF002E2AA2 /* RecommendGameView.xib in Resources */,
				041133FA1DB08B25002E2AA2 /* RecommendGameCell.xib in Resources */,
				048E55CF1DAE1D2100FEBAE5 /* Profile.storyboard in Resources */,
				041133EF1DAF6D10002E2AA2 /* RecommendCycleCell.xib in Resources */,
				048E55DA1DAE27A200FEBAE5 /* RecommentNomalCell.xib in Resources */,
				04E9E7331DAE301700A4FC63 /* Main.storyboard in Resources */,
				048E55C11DAE1D2100FEBAE5 /* Follow.storyboard in Resources */,
				048E55C21DAE1D2100FEBAE5 /* Home.storyboard in Resources */,
			);
			runOnlyForDeploymentPostprocessing = 0;
		};
/* End PBXResourcesBuildPhase section */

/* Begin PBXShellScriptBuildPhase section */
		E2476048B3E51A76072B4A13 /* 📦 Check Pods Manifest.lock */ = {
			isa = PBXShellScriptBuildPhase;
			buildActionMask = 2147483647;
			files = (
			);
			inputPaths = (
			);
			name = "📦 Check Pods Manifest.lock";
			outputPaths = (
			);
			runOnlyForDeploymentPostprocessing = 0;
			shellPath = /bin/sh;
			shellScript = "diff \"${PODS_ROOT}/../Podfile.lock\" \"${PODS_ROOT}/Manifest.lock\" > /dev/null\nif [[ $? != 0 ]] ; then\n    cat << EOM\nerror: The sandbox is not in sync with the Podfile.lock. Run 'pod install' or update your CocoaPods installation.\nEOM\n    exit 1\nfi\n";
			showEnvVarsInLog = 0;
		};
		ECD520F359FF539C806CB897 /* 📦 Copy Pods Resources */ = {
			isa = PBXShellScriptBuildPhase;
			buildActionMask = 2147483647;
			files = (
			);
			inputPaths = (
			);
			name = "📦 Copy Pods Resources";
			outputPaths = (
			);
			runOnlyForDeploymentPostprocessing = 0;
			shellPath = /bin/sh;
			shellScript = "\"${SRCROOT}/Pods/Target Support Files/Pods-DouYuTV/Pods-DouYuTV-resources.sh\"\n";
			showEnvVarsInLog = 0;
		};
		F209B5B2D9DFE975F66419BF /* 📦 Embed Pods Frameworks */ = {
			isa = PBXShellScriptBuildPhase;
			buildActionMask = 2147483647;
			files = (
			);
			inputPaths = (
			);
			name = "📦 Embed Pods Frameworks";
			outputPaths = (
			);
			runOnlyForDeploymentPostprocessing = 0;
			shellPath = /bin/sh;
			shellScript = "\"${SRCROOT}/Pods/Target Support Files/Pods-DouYuTV/Pods-DouYuTV-frameworks.sh\"\n";
			showEnvVarsInLog = 0;
		};
/* End PBXShellScriptBuildPhase section */

/* Begin PBXSourcesBuildPhase section */
		04EFD1211D938E4B0074A1D4 /* Sources */ = {
			isa = PBXSourcesBuildPhase;
			buildActionMask = 2147483647;
			files = (
				048E55CD1DAE1D2100FEBAE5 /* RecommentNomalCell.swift in Sources */,
				048E55D01DAE1D2100FEBAE5 /* NetworoTools.swift in Sources */,
				048E55CA1DAE1D2100FEBAE5 /* PageTitleView.swift in Sources */,
				041133E61DAF3AD9002E2AA2 /* RecommendBaseCell.swift in Sources */,
				048E55C01DAE1D2100FEBAE5 /* Common.swift in Sources */,
				041133E91DAF65AE002E2AA2 /* RecommendCycleView.swift in Sources */,
				048E55CB1DAE1D2100FEBAE5 /* RecommendPrettyCell.swift in Sources */,
				041133D31DAF38B2002E2AA2 /* AnchorGroupItem.swift in Sources */,
				048E55C41DAE1D2100FEBAE5 /* RecommendViewController.swift in Sources */,
				048E55D11DAE1D2100FEBAE5 /* UIBarButtonItem-extension.swift in Sources */,
				048E55C51DAE1D2100FEBAE5 /* CollectionSHeaderView.swift in Sources */,
				048E55D21DAE1D2100FEBAE5 /* UIColor-Extension.swift in Sources */,
				048E55C91DAE1D2100FEBAE5 /* PageContentView.swift in Sources */,
				041133C11DAF3658002E2AA2 /* NSDate-Extension.swift in Sources */,
				048E55C81DAE1D2100FEBAE5 /* MainViewController.swift in Sources */,
				041133F91DB08B25002E2AA2 /* RecommendGameCell.swift in Sources */,
				04EFD1291D938E4B0074A1D4 /* AppDelegate.swift in Sources */,
				041133D41DAF38B2002E2AA2 /* AnchorItem.swift in Sources */,
				041133F41DB07CBC002E2AA2 /* RecommendGameView.swift in Sources */,
				041133F11DAF7EF6002E2AA2 /* RecommendCycleModel.swift in Sources */,
				041133EE1DAF6D10002E2AA2 /* RecommendCycleCell.swift in Sources */,
				041133D01DAF3894002E2AA2 /* BaseGroupModel.swift in Sources */,
				041133C71DAF37FC002E2AA2 /* BaseVieModel.swift in Sources */,
				041133C41DAF36AA002E2AA2 /* RecommendViewModel.swift in Sources */,
				048E55C31DAE1D2100FEBAE5 /* HomeViewController.swift in Sources */,
			);
			runOnlyForDeploymentPostprocessing = 0;
		};
/* End PBXSourcesBuildPhase section */

/* Begin XCBuildConfiguration section */
		04EFD1351D938E4B0074A1D4 /* Debug */ = {
			isa = XCBuildConfiguration;
			buildSettings = {
				ALWAYS_SEARCH_USER_PATHS = NO;
				CLANG_ANALYZER_NONNULL = YES;
				CLANG_CXX_LANGUAGE_STANDARD = "gnu++0x";
				CLANG_CXX_LIBRARY = "libc++";
				CLANG_ENABLE_MODULES = YES;
				CLANG_ENABLE_OBJC_ARC = YES;
				CLANG_WARN_BOOL_CONVERSION = YES;
				CLANG_WARN_CONSTANT_CONVERSION = YES;
				CLANG_WARN_DIRECT_OBJC_ISA_USAGE = YES_ERROR;
				CLANG_WARN_EMPTY_BODY = YES;
				CLANG_WARN_ENUM_CONVERSION = YES;
				CLANG_WARN_INT_CONVERSION = YES;
				CLANG_WARN_OBJC_ROOT_CLASS = YES_ERROR;
				CLANG_WARN_UNREACHABLE_CODE = YES;
				CLANG_WARN__DUPLICATE_METHOD_MATCH = YES;
				"CODE_SIGN_IDENTITY[sdk=iphoneos*]" = "iPhone Developer";
				COPY_PHASE_STRIP = NO;
				DEBUG_INFORMATION_FORMAT = dwarf;
				ENABLE_STRICT_OBJC_MSGSEND = YES;
				ENABLE_TESTABILITY = YES;
				GCC_C_LANGUAGE_STANDARD = gnu99;
				GCC_DYNAMIC_NO_PIC = NO;
				GCC_NO_COMMON_BLOCKS = YES;
				GCC_OPTIMIZATION_LEVEL = 0;
				GCC_PREPROCESSOR_DEFINITIONS = (
					"DEBUG=1",
					"$(inherited)",
				);
				GCC_WARN_64_TO_32_BIT_CONVERSION = YES;
				GCC_WARN_ABOUT_RETURN_TYPE = YES_ERROR;
				GCC_WARN_UNDECLARED_SELECTOR = YES;
				GCC_WARN_UNINITIALIZED_AUTOS = YES_AGGRESSIVE;
				GCC_WARN_UNUSED_FUNCTION = YES;
				GCC_WARN_UNUSED_VARIABLE = YES;
				IPHONEOS_DEPLOYMENT_TARGET = 9.3;
				MTL_ENABLE_DEBUG_INFO = YES;
				ONLY_ACTIVE_ARCH = YES;
				SDKROOT = iphoneos;
				SWIFT_OPTIMIZATION_LEVEL = "-Onone";
			};
			name = Debug;
		};
		04EFD1361D938E4B0074A1D4 /* Release */ = {
			isa = XCBuildConfiguration;
			buildSettings = {
				ALWAYS_SEARCH_USER_PATHS = NO;
				CLANG_ANALYZER_NONNULL = YES;
				CLANG_CXX_LANGUAGE_STANDARD = "gnu++0x";
				CLANG_CXX_LIBRARY = "libc++";
				CLANG_ENABLE_MODULES = YES;
				CLANG_ENABLE_OBJC_ARC = YES;
				CLANG_WARN_BOOL_CONVERSION = YES;
				CLANG_WARN_CONSTANT_CONVERSION = YES;
				CLANG_WARN_DIRECT_OBJC_ISA_USAGE = YES_ERROR;
				CLANG_WARN_EMPTY_BODY = YES;
				CLANG_WARN_ENUM_CONVERSION = YES;
				CLANG_WARN_INT_CONVERSION = YES;
				CLANG_WARN_OBJC_ROOT_CLASS = YES_ERROR;
				CLANG_WARN_UNREACHABLE_CODE = YES;
				CLANG_WARN__DUPLICATE_METHOD_MATCH = YES;
				"CODE_SIGN_IDENTITY[sdk=iphoneos*]" = "iPhone Developer";
				COPY_PHASE_STRIP = NO;
				DEBUG_INFORMATION_FORMAT = "dwarf-with-dsym";
				ENABLE_NS_ASSERTIONS = NO;
				ENABLE_STRICT_OBJC_MSGSEND = YES;
				GCC_C_LANGUAGE_STANDARD = gnu99;
				GCC_NO_COMMON_BLOCKS = YES;
				GCC_WARN_64_TO_32_BIT_CONVERSION = YES;
				GCC_WARN_ABOUT_RETURN_TYPE = YES_ERROR;
				GCC_WARN_UNDECLARED_SELECTOR = YES;
				GCC_WARN_UNINITIALIZED_AUTOS = YES_AGGRESSIVE;
				GCC_WARN_UNUSED_FUNCTION = YES;
				GCC_WARN_UNUSED_VARIABLE = YES;
				IPHONEOS_DEPLOYMENT_TARGET = 9.3;
				MTL_ENABLE_DEBUG_INFO = NO;
				SDKROOT = iphoneos;
				VALIDATE_PRODUCT = YES;
			};
			name = Release;
		};
		04EFD1381D938E4B0074A1D4 /* Debug */ = {
			isa = XCBuildConfiguration;
			baseConfigurationReference = 606711DB64C0D2684F92ADEE /* Pods-DouYuTV.debug.xcconfig */;
			buildSettings = {
				ASSETCATALOG_COMPILER_APPICON_NAME = AppIcon;
				ASSETCATALOG_COMPILER_LAUNCHIMAGE_NAME = "Brand Assets";
				INFOPLIST_FILE = DouYuTV/Info.plist;
				IPHONEOS_DEPLOYMENT_TARGET = 9.0;
				LD_RUNPATH_SEARCH_PATHS = "$(inherited) @executable_path/Frameworks";
				PRODUCT_BUNDLE_IDENTIFIER = com.yygk.DouYuTV;
				PRODUCT_NAME = "$(TARGET_NAME)";
				SWIFT_VERSION = 3.0;
			};
			name = Debug;
		};
		04EFD1391D938E4B0074A1D4 /* Release */ = {
			isa = XCBuildConfiguration;
			baseConfigurationReference = 86F2D19BDC48D0C74D23121B /* Pods-DouYuTV.release.xcconfig */;
			buildSettings = {
				ASSETCATALOG_COMPILER_APPICON_NAME = AppIcon;
				ASSETCATALOG_COMPILER_LAUNCHIMAGE_NAME = "Brand Assets";
				INFOPLIST_FILE = DouYuTV/Info.plist;
				IPHONEOS_DEPLOYMENT_TARGET = 9.0;
				LD_RUNPATH_SEARCH_PATHS = "$(inherited) @executable_path/Frameworks";
				PRODUCT_BUNDLE_IDENTIFIER = com.yygk.DouYuTV;
				PRODUCT_NAME = "$(TARGET_NAME)";
				SWIFT_VERSION = 3.0;
			};
			name = Release;
		};
/* End XCBuildConfiguration section */

/* Begin XCConfigurationList section */
		04EFD1201D938E4B0074A1D4 /* Build configuration list for PBXProject "DouYuTV" */ = {
			isa = XCConfigurationList;
			buildConfigurations = (
				04EFD1351D938E4B0074A1D4 /* Debug */,
				04EFD1361D938E4B0074A1D4 /* Release */,
			);
			defaultConfigurationIsVisible = 0;
			defaultConfigurationName = Release;
		};
		04EFD1371D938E4B0074A1D4 /* Build configuration list for PBXNativeTarget "DouYuTV" */ = {
			isa = XCConfigurationList;
			buildConfigurations = (
				04EFD1381D938E4B0074A1D4 /* Debug */,
				04EFD1391D938E4B0074A1D4 /* Release */,
			);
			defaultConfigurationIsVisible = 0;
			defaultConfigurationName = Release;
		};
/* End XCConfigurationList section */
	};
	rootObject = 04EFD11D1D938E4B0074A1D4 /* Project object */;
}
